
Microsoft Visual Studio Solution File, Format Version 12.00
# Visual Studio Version 17
VisualStudioVersion = 17.4.33403.182
MinimumVisualStudioVersion = 10.0.40219.1
Project("{8BC9CEB8-8B4A-11D0-8D11-00A0C91BC942}") = "compl", "compl.vcxproj", "{9863E04F-A8B0-4A96-9A22-D70514EF3AB1}"
EndProject
Project("{8BC9CEB8-8B4A-11D0-8D11-00A0C91BC942}") = "test", "..\test\test.vcxproj", "{7DFCC1EE-34CF-4AB7-AFCD-83AC265B7008}"
EndProject
Global
	GlobalSection(SolutionConfigurationPlatforms) = preSolution
		Debug|x64 = Debug|x64
		Debug|x86 = Debug|x86
		Release|x64 = Release|x64
		Release|x86 = Release|x86
	EndGlobalSection
	GlobalSection(ProjectConfigurationPlatforms) = postSolution
		{9863E04F-A8B0-4A96-9A22-D70514EF3AB1}.Debug|x64.ActiveCfg = Debug|x64
		{9863E04F-A8B0-4A96-9A22-D70514EF3AB1}.Debug|x64.Build.0 = Debug|x64
		{9863E04F-A8B0-4A96-9A22-D70514EF3AB1}.Debug|x86.ActiveCfg = Debug|Win32
		{9863E04F-A8B0-4A96-9A22-D70514EF3AB1}.Debug|x86.Build.0 = Debug|Win32
		{9863E04F-A8B0-4A96-9A22-D70514EF3AB1}.Release|x64.ActiveCfg = Release|x64
		{9863E04F-A8B0-4A96-9A22-D70514EF3AB1}.Release|x64.Build.0 = Release|x64
		{9863E04F-A8B0-4A96-9A22-D70514EF3AB1}.Release|x86.ActiveCfg = Release|Win32
		{9863E04F-A8B0-4A96-9A22-D70514EF3AB1}.Release|x86.Build.0 = Release|Win32
		{7DFCC1EE-34CF-4AB7-AFCD-83AC265B7008}.Debug|x64.ActiveCfg = Debug|x64
		{7DFCC1EE-34CF-4AB7-AFCD-83AC265B7008}.Debug|x64.Build.0 = Debug|x64
		{7DFCC1EE-34CF-4AB7-AFCD-83AC265B7008}.Debug|x86.ActiveCfg = Debug|Win32
		{7DFCC1EE-34CF-4AB7-AFCD-83AC265B7008}.Debug|x86.Build.0 = Debug|Win32
		{7DFCC1EE-34CF-4AB7-AFCD-83AC265B7008}.Release|x64.ActiveCfg = Release|x64
		{7DFCC1EE-34CF-4AB7-AFCD-83AC265B7008}.Release|x64.Build.0 = Release|x64
		{7DFCC1EE-34CF-4AB7-AFCD-83AC265B7008}.Release|x86.ActiveCfg = Release|Win32
		{7DFCC1EE-34CF-4AB7-AFCD-83AC265B7008}.Release|x86.Build.0 = Release|Win32
	EndGlobalSection
	GlobalSection(SolutionProperties) = preSolution
		HideSolutionNode = FALSE
	EndGlobalSection
	GlobalSection(ExtensibilityGlobals) = postSolution
		SolutionGuid = {B4CF3B02-E60F-4440-B886-7E312EA92FA1}
	EndGlobalSection
EndGlobal
